
Microsoft Visual Studio Solution File, Format Version 12.00
# Visual Studio Version 16
VisualStudioVersion = 16.0.32407.337
MinimumVisualStudioVersion = 10.0.40219.1
Project("{FAE04EC0-301F-11D3-BF4B-00C04F79EFBC}") = "Ecommerce", "Ecommerce\Ecommerce.csproj", "{6FA0A93A-DB6C-481C-B155-02AFC7C5F056}"
EndProject
Global
	GlobalSection(SolutionConfigurationPlatforms) = preSolution
		Debug|Any CPU = Debug|Any CPU
		Release|Any CPU = Release|Any CPU
	EndGlobalSection
	GlobalSection(ProjectConfigurationPlatforms) = postSolution
		{6FA0A93A-DB6C-481C-B155-02AFC7C5F056}.Debug|Any CPU.ActiveCfg = Debug|Any CPU
		{6FA0A93A-DB6C-481C-B155-02AFC7C5F056}.Debug|Any CPU.Build.0 = Debug|Any CPU
		{6FA0A93A-DB6C-481C-B155-02AFC7C5F056}.Release|Any CPU.ActiveCfg = Release|Any CPU
		{6FA0A93A-DB6C-481C-B155-02AFC7C5F056}.Release|Any CPU.Build.0 = Release|Any CPU
	EndGlobalSection
	GlobalSection(SolutionProperties) = preSolution
		HideSolutionNode = FALSE
	EndGlobalSection
	GlobalSection(ExtensibilityGlobals) = postSolution
		SolutionGuid = {A01A4423-6EAE-41B9-9F67-D830F2290435}
	EndGlobalSection
EndGlobal
